
Microsoft Visual Studio Solution File, Format Version 12.00
# Visual Studio 15
Project("{FAE04EC0-301F-11D3-BF4B-00C04F79EFBC}") = "Assembly-CSharp", "Assembly-CSharp.csproj", "{07DCB152-1E38-FBB7-EA0E-7230B2E2877C}"
EndProject
Global
	GlobalSection(SolutionConfigurationPlatforms) = preSolution
		Debug|Any CPU = Debug|Any CPU
		Release|Any CPU = Release|Any CPU
	EndGlobalSection
	GlobalSection(ProjectConfigurationPlatforms) = postSolution
		{07DCB152-1E38-FBB7-EA0E-7230B2E2877C}.Debug|Any CPU.ActiveCfg = Debug|Any CPU
		{07DCB152-1E38-FBB7-EA0E-7230B2E2877C}.Debug|Any CPU.Build.0 = Debug|Any CPU
		{07DCB152-1E38-FBB7-EA0E-7230B2E2877C}.Release|Any CPU.ActiveCfg = Release|Any CPU
		{07DCB152-1E38-FBB7-EA0E-7230B2E2877C}.Release|Any CPU.Build.0 = Release|Any CPU
	EndGlobalSection
	GlobalSection(SolutionProperties) = preSolution
		HideSolutionNode = FALSE
	EndGlobalSection
EndGlobal
